{
  "version": 4,
  "terraform_version": "1.9.8",
  "serial": 1,
  "lineage": "227f0139-07a8-fa45-b9be-26741920b1b4",
  "outputs": {},
  "resources": [
    {
      "mode": "managed",
      "type": "random_string",
      "name": "random",
      "provider": "provider[\"registry.terraform.io/hashicorp/random\"]",
      "instances": [
        {
          "schema_version": 2,
          "attributes": {
            "id": "W1A0)VVhX_C-f\u003cy?5",
            "keepers": null,
            "length": 17,
            "lower": true,
            "min_lower": 0,
            "min_numeric": 0,
            "min_special": 0,
            "min_upper": 0,
            "number": true,
            "numeric": true,
            "override_special": null,
            "result": "W1A0)VVhX_C-f\u003cy?5",
            "special": true,
            "upper": true
          },
          "sensitive_attributes": []
        }
      ]
    }
  ],
  "check_results": null
}
